---
version: 2
interactions:
    - id: 0
      request:
        proto: HTTP/1.1
        proto_major: 1
        proto_minor: 1
        content_length: 116
        transfer_encoding: []
        trailer: {}
        host: canary.cli.btp.int.sap
        remote_addr: ""
        request_uri: ""
        body: |
            {"customIdp":"identityProvider","subdomain":"terraformintcanary","userName":"john.doe@int.test","password":"testUserPassword"}
        form: {}
        headers:
            Content-Type:
                - application/json
            User-Agent:
                - Terraform/1.14.5 terraform-provider-btp/dev
            X-Correlationid:
                - 8e473baf-21c3-5686-291a-aa692214128e
            X-Cpcli-Format:
                - json
        url: https://canary.cli.btp.int.sap/login/v2.97.0
        method: POST
      response:
        proto: HTTP/2.0
        proto_major: 2
        proto_minor: 0
        transfer_encoding: []
        trailer: {}
        content_length: 82
        uncompressed: false
        body: '{"issuer":"identity.provider.test","mail":"john.doe@int.test","refreshToken":null}'
        headers:
            Cache-Control:
                - no-cache, no-store, max-age=0, must-revalidate
            Content-Length:
                - "82"
            Content-Security-Policy:
                - default-src 'self'
            Content-Type:
                - application/json
            Date:
                - Mon, 23 Feb 2026 06:49:38 GMT
            Expires:
                - "0"
            Pragma:
                - no-cache
            Referrer-Policy:
                - no-referrer
            Strict-Transport-Security:
                - max-age=31536000; includeSubDomains; preload;
            X-Content-Type-Options:
                - nosniff
            X-Cpcli-Sessionid:
                - redacted
            X-Frame-Options:
                - DENY
            X-Vcap-Request-Id:
                - e971bc4d-195d-4b3b-556c-5681dc8af25a
            X-Xss-Protection:
                - "1"
        status: 200 OK
        code: 200
        duration: 2.88908296s
    - id: 1
      request:
        proto: HTTP/1.1
        proto_major: 1
        proto_minor: 1
        content_length: 116
        transfer_encoding: []
        trailer: {}
        host: canary.cli.btp.int.sap
        remote_addr: ""
        request_uri: ""
        body: |
            {"customIdp":"identityProvider","subdomain":"terraformintcanary","userName":"john.doe@int.test","password":"testUserPassword"}
        form: {}
        headers:
            Content-Type:
                - application/json
            User-Agent:
                - Terraform/1.14.5 terraform-provider-btp/dev
            X-Correlationid:
                - d9db76f1-f129-ba28-d621-0f7382290c87
            X-Cpcli-Format:
                - json
        url: https://canary.cli.btp.int.sap/login/v2.97.0
        method: POST
      response:
        proto: HTTP/2.0
        proto_major: 2
        proto_minor: 0
        transfer_encoding: []
        trailer: {}
        content_length: 82
        uncompressed: false
        body: '{"issuer":"identity.provider.test","mail":"john.doe@int.test","refreshToken":null}'
        headers:
            Cache-Control:
                - no-cache, no-store, max-age=0, must-revalidate
            Content-Length:
                - "82"
            Content-Security-Policy:
                - default-src 'self'
            Content-Type:
                - application/json
            Date:
                - Mon, 23 Feb 2026 06:49:39 GMT
            Expires:
                - "0"
            Pragma:
                - no-cache
            Referrer-Policy:
                - no-referrer
            Strict-Transport-Security:
                - max-age=31536000; includeSubDomains; preload;
            X-Content-Type-Options:
                - nosniff
            X-Cpcli-Sessionid:
                - redacted
            X-Frame-Options:
                - DENY
            X-Vcap-Request-Id:
                - f35e7dad-7171-4768-6056-750361ee012d
            X-Xss-Protection:
                - "1"
        status: 200 OK
        code: 200
        duration: 431.900042ms
    - id: 2
      request:
        proto: HTTP/1.1
        proto_major: 1
        proto_minor: 1
        content_length: 110
        transfer_encoding: []
        trailer: {}
        host: canary.cli.btp.int.sap
        remote_addr: ""
        request_uri: ""
        body: |
            {"paramValues":{"globalAccount":"terraformintcanary","iasTenantUrl":"btpterraform.accounts400.ondemand.com"}}
        form: {}
        headers:
            Content-Type:
                - application/json
            User-Agent:
                - Terraform/1.14.5 terraform-provider-btp/dev
            X-Correlationid:
                - 5dad0656-b250-cc61-ff49-6008d34d8aec
            X-Cpcli-Customidp:
                - identityProvider
            X-Cpcli-Format:
                - json
            X-Cpcli-Sessionid:
                - redacted
            X-Cpcli-Subdomain:
                - terraformintcanary
        url: https://canary.cli.btp.int.sap/command/v2.97.0/security/trust?create
        method: POST
      response:
        proto: HTTP/2.0
        proto_major: 2
        proto_minor: 0
        transfer_encoding: []
        trailer: {}
        content_length: -1
        uncompressed: true
        body: '{"originKey":"btpterraform-platform","iasTenantUrl":"https://btpterraform.accounts400.ondemand.com","iasAppId":"/Applications/v1/22292e13-4d31-44c3-b0d0-cdaf0fb84a7f","iasAdminUrl":"https://btpterraform.accounts400.ondemand.com/admin/#/applications//Applications/v1/22292e13-4d31-44c3-b0d0-cdaf0fb84a7f","active":true,"createdByUsername":null,"createdByOriginKey":null,"createdAt":null,"modifiedByUsername":null,"modifiedByOriginKey":null,"modifiedAt":null,"deleted":false,"distribution":null,"registration":null,"result":0,"relyingPartyId":"ebdce9be-df9e-40a1-ac84-afdbe69c3448","originXsuaa":"btpterraform-platform","version":0,"iasWellKnownMetadata":null,"ipsIntegrationSetupStatus":null,"neoAuthnWithOidc":false,"domain":"btpterraform.accounts400.ondemand.com","name":null,"aliasZid":null,"iasTenantUrlWithoutProtocol":"btpterraform.accounts400.ondemand.com"}'
        headers:
            Cache-Control:
                - no-cache, no-store, max-age=0, must-revalidate
            Content-Security-Policy:
                - default-src 'self'
            Content-Type:
                - application/json
            Date:
                - Mon, 23 Feb 2026 06:49:41 GMT
            Expires:
                - "0"
            Pragma:
                - no-cache
            Referrer-Policy:
                - no-referrer
            Strict-Transport-Security:
                - max-age=31536000; includeSubDomains; preload;
            X-Content-Type-Options:
                - nosniff
            X-Cpcli-Backend-Mediatype:
                - application/json
            X-Cpcli-Backend-Status:
                - "200"
            X-Frame-Options:
                - DENY
            X-Vcap-Request-Id:
                - 9d7e22ce-d3d5-48bc-56d8-1eb58b53155f
            X-Xss-Protection:
                - "1"
        status: 200 OK
        code: 200
        duration: 2.061494876s
    - id: 3
      request:
        proto: HTTP/1.1
        proto_major: 1
        proto_minor: 1
        content_length: 88
        transfer_encoding: []
        trailer: {}
        host: canary.cli.btp.int.sap
        remote_addr: ""
        request_uri: ""
        body: |
            {"paramValues":{"globalAccount":"terraformintcanary","origin":"btpterraform-platform"}}
        form: {}
        headers:
            Content-Type:
                - application/json
            User-Agent:
                - Terraform/1.14.5 terraform-provider-btp/dev
            X-Correlationid:
                - 4fd40e5a-3b3c-2de2-fe26-272ee07602e3
            X-Cpcli-Customidp:
                - identityProvider
            X-Cpcli-Format:
                - json
            X-Cpcli-Sessionid:
                - redacted
            X-Cpcli-Subdomain:
                - terraformintcanary
        url: https://canary.cli.btp.int.sap/command/v2.97.0/security/trust?get
        method: POST
      response:
        proto: HTTP/2.0
        proto_major: 2
        proto_minor: 0
        transfer_encoding: []
        trailer: {}
        content_length: -1
        uncompressed: true
        body: '{"name":"btpterraform-platform","originKey":"btpterraform-platform","originKeyCfuaa":"btpterraform-platform","typeOfTrust":"Platform","status":"active","description":"Custom Platform Identity Provider","identityProvider":"btpterraform.accounts400.ondemand.com","domain":"btpterraform.accounts400.ondemand.com","linkTextForUserLogon":"btpterraform-platform","availableForUserLogon":"false","createShadowUsersDuringLogon":"true","sapBtpCli":"btpterraform","protocol":"OpenID Connect","readOnly":false,"defaultIdp":false,"idpType":"SAP IAS"}'
        headers:
            Cache-Control:
                - no-cache, no-store, max-age=0, must-revalidate
            Content-Security-Policy:
                - default-src 'self'
            Content-Type:
                - application/json
            Date:
                - Mon, 23 Feb 2026 06:49:41 GMT
            Expires:
                - "0"
            Pragma:
                - no-cache
            Referrer-Policy:
                - no-referrer
            Strict-Transport-Security:
                - max-age=31536000; includeSubDomains; preload;
            X-Content-Type-Options:
                - nosniff
            X-Cpcli-Backend-Mediatype:
                - application/json
            X-Cpcli-Backend-Status:
                - "200"
            X-Frame-Options:
                - DENY
            X-Vcap-Request-Id:
                - ca2b0992-e90e-44b8-59d7-f793af9101e8
            X-Xss-Protection:
                - "1"
        status: 200 OK
        code: 200
        duration: 370.950666ms
    - id: 4
      request:
        proto: HTTP/1.1
        proto_major: 1
        proto_minor: 1
        content_length: 116
        transfer_encoding: []
        trailer: {}
        host: canary.cli.btp.int.sap
        remote_addr: ""
        request_uri: ""
        body: |
            {"customIdp":"identityProvider","subdomain":"terraformintcanary","userName":"john.doe@int.test","password":"testUserPassword"}
        form: {}
        headers:
            Content-Type:
                - application/json
            User-Agent:
                - Terraform/1.14.5 terraform-provider-btp/dev
            X-Correlationid:
                - a4bdcc9f-baf9-a5cc-552c-e24d4fe78996
            X-Cpcli-Format:
                - json
        url: https://canary.cli.btp.int.sap/login/v2.97.0
        method: POST
      response:
        proto: HTTP/2.0
        proto_major: 2
        proto_minor: 0
        transfer_encoding: []
        trailer: {}
        content_length: 82
        uncompressed: false
        body: '{"issuer":"identity.provider.test","mail":"john.doe@int.test","refreshToken":null}'
        headers:
            Cache-Control:
                - no-cache, no-store, max-age=0, must-revalidate
            Content-Length:
                - "82"
            Content-Security-Policy:
                - default-src 'self'
            Content-Type:
                - application/json
            Date:
                - Mon, 23 Feb 2026 06:49:42 GMT
            Expires:
                - "0"
            Pragma:
                - no-cache
            Referrer-Policy:
                - no-referrer
            Strict-Transport-Security:
                - max-age=31536000; includeSubDomains; preload;
            X-Content-Type-Options:
                - nosniff
            X-Cpcli-Sessionid:
                - redacted
            X-Frame-Options:
                - DENY
            X-Vcap-Request-Id:
                - ee905aa0-1a9e-4549-64b7-a83ab28ce34b
            X-Xss-Protection:
                - "1"
        status: 200 OK
        code: 200
        duration: 665.502834ms
    - id: 5
      request:
        proto: HTTP/1.1
        proto_major: 1
        proto_minor: 1
        content_length: 116
        transfer_encoding: []
        trailer: {}
        host: canary.cli.btp.int.sap
        remote_addr: ""
        request_uri: ""
        body: |
            {"customIdp":"identityProvider","subdomain":"terraformintcanary","userName":"john.doe@int.test","password":"testUserPassword"}
        form: {}
        headers:
            Content-Type:
                - application/json
            User-Agent:
                - Terraform/1.14.5 terraform-provider-btp/dev
            X-Correlationid:
                - 44753c77-259e-214c-e5d5-1430c5827865
            X-Cpcli-Format:
                - json
        url: https://canary.cli.btp.int.sap/login/v2.97.0
        method: POST
      response:
        proto: HTTP/2.0
        proto_major: 2
        proto_minor: 0
        transfer_encoding: []
        trailer: {}
        content_length: 82
        uncompressed: false
        body: '{"issuer":"identity.provider.test","mail":"john.doe@int.test","refreshToken":null}'
        headers:
            Cache-Control:
                - no-cache, no-store, max-age=0, must-revalidate
            Content-Length:
                - "82"
            Content-Security-Policy:
                - default-src 'self'
            Content-Type:
                - application/json
            Date:
                - Mon, 23 Feb 2026 06:49:42 GMT
            Expires:
                - "0"
            Pragma:
                - no-cache
            Referrer-Policy:
                - no-referrer
            Strict-Transport-Security:
                - max-age=31536000; includeSubDomains; preload;
            X-Content-Type-Options:
                - nosniff
            X-Cpcli-Sessionid:
                - redacted
            X-Frame-Options:
                - DENY
            X-Vcap-Request-Id:
                - 3fabcd55-cb1d-40dd-7171-39208ddc1c30
            X-Xss-Protection:
                - "1"
        status: 200 OK
        code: 200
        duration: 517.86475ms
    - id: 6
      request:
        proto: HTTP/1.1
        proto_major: 1
        proto_minor: 1
        content_length: 88
        transfer_encoding: []
        trailer: {}
        host: canary.cli.btp.int.sap
        remote_addr: ""
        request_uri: ""
        body: |
            {"paramValues":{"globalAccount":"terraformintcanary","origin":"btpterraform-platform"}}
        form: {}
        headers:
            Content-Type:
                - application/json
            User-Agent:
                - Terraform/1.14.5 terraform-provider-btp/dev
            X-Correlationid:
                - c87f0245-6c27-a50d-4439-93e11c4a84b3
            X-Cpcli-Customidp:
                - identityProvider
            X-Cpcli-Format:
                - json
            X-Cpcli-Sessionid:
                - redacted
            X-Cpcli-Subdomain:
                - terraformintcanary
        url: https://canary.cli.btp.int.sap/command/v2.97.0/security/trust?get
        method: POST
      response:
        proto: HTTP/2.0
        proto_major: 2
        proto_minor: 0
        transfer_encoding: []
        trailer: {}
        content_length: -1
        uncompressed: true
        body: '{"name":"btpterraform-platform","originKey":"btpterraform-platform","originKeyCfuaa":"btpterraform-platform","typeOfTrust":"Platform","status":"active","description":"Custom Platform Identity Provider","identityProvider":"btpterraform.accounts400.ondemand.com","domain":"btpterraform.accounts400.ondemand.com","linkTextForUserLogon":"btpterraform-platform","availableForUserLogon":"false","createShadowUsersDuringLogon":"true","sapBtpCli":"btpterraform","protocol":"OpenID Connect","readOnly":false,"defaultIdp":false,"idpType":"SAP IAS"}'
        headers:
            Cache-Control:
                - no-cache, no-store, max-age=0, must-revalidate
            Content-Security-Policy:
                - default-src 'self'
            Content-Type:
                - application/json
            Date:
                - Mon, 23 Feb 2026 06:49:43 GMT
            Expires:
                - "0"
            Pragma:
                - no-cache
            Referrer-Policy:
                - no-referrer
            Strict-Transport-Security:
                - max-age=31536000; includeSubDomains; preload;
            X-Content-Type-Options:
                - nosniff
            X-Cpcli-Backend-Mediatype:
                - application/json
            X-Cpcli-Backend-Status:
                - "200"
            X-Frame-Options:
                - DENY
            X-Vcap-Request-Id:
                - 29d313fa-de8f-4330-6a6b-eea65d54243e
            X-Xss-Protection:
                - "1"
        status: 200 OK
        code: 200
        duration: 553.145708ms
    - id: 7
      request:
        proto: HTTP/1.1
        proto_major: 1
        proto_minor: 1
        content_length: 116
        transfer_encoding: []
        trailer: {}
        host: canary.cli.btp.int.sap
        remote_addr: ""
        request_uri: ""
        body: |
            {"customIdp":"identityProvider","subdomain":"terraformintcanary","userName":"john.doe@int.test","password":"testUserPassword"}
        form: {}
        headers:
            Content-Type:
                - application/json
            User-Agent:
                - Terraform/1.14.5 terraform-provider-btp/dev
            X-Correlationid:
                - fd9bc821-c8e5-453c-1dd3-2c459c09d305
            X-Cpcli-Format:
                - json
        url: https://canary.cli.btp.int.sap/login/v2.97.0
        method: POST
      response:
        proto: HTTP/2.0
        proto_major: 2
        proto_minor: 0
        transfer_encoding: []
        trailer: {}
        content_length: 82
        uncompressed: false
        body: '{"issuer":"identity.provider.test","mail":"john.doe@int.test","refreshToken":null}'
        headers:
            Cache-Control:
                - no-cache, no-store, max-age=0, must-revalidate
            Content-Length:
                - "82"
            Content-Security-Policy:
                - default-src 'self'
            Content-Type:
                - application/json
            Date:
                - Mon, 23 Feb 2026 06:49:45 GMT
            Expires:
                - "0"
            Pragma:
                - no-cache
            Referrer-Policy:
                - no-referrer
            Strict-Transport-Security:
                - max-age=31536000; includeSubDomains; preload;
            X-Content-Type-Options:
                - nosniff
            X-Cpcli-Sessionid:
                - redacted
            X-Frame-Options:
                - DENY
            X-Vcap-Request-Id:
                - 9b67f0d7-6788-4b19-6daa-51a50c5a3b2e
            X-Xss-Protection:
                - "1"
        status: 200 OK
        code: 200
        duration: 2.128099376s
    - id: 8
      request:
        proto: HTTP/1.1
        proto_major: 1
        proto_minor: 1
        content_length: 88
        transfer_encoding: []
        trailer: {}
        host: canary.cli.btp.int.sap
        remote_addr: ""
        request_uri: ""
        body: |
            {"paramValues":{"globalAccount":"terraformintcanary","origin":"btpterraform-platform"}}
        form: {}
        headers:
            Content-Type:
                - application/json
            User-Agent:
                - Terraform/1.14.5 terraform-provider-btp/dev
            X-Correlationid:
                - 12cb97d0-11e7-5d13-41f8-67db0cd116fa
            X-Cpcli-Customidp:
                - identityProvider
            X-Cpcli-Format:
                - json
            X-Cpcli-Sessionid:
                - redacted
            X-Cpcli-Subdomain:
                - terraformintcanary
        url: https://canary.cli.btp.int.sap/command/v2.97.0/security/trust?get
        method: POST
      response:
        proto: HTTP/2.0
        proto_major: 2
        proto_minor: 0
        transfer_encoding: []
        trailer: {}
        content_length: -1
        uncompressed: true
        body: '{"name":"btpterraform-platform","originKey":"btpterraform-platform","originKeyCfuaa":"btpterraform-platform","typeOfTrust":"Platform","status":"active","description":"Custom Platform Identity Provider","identityProvider":"btpterraform.accounts400.ondemand.com","domain":"btpterraform.accounts400.ondemand.com","linkTextForUserLogon":"btpterraform-platform","availableForUserLogon":"false","createShadowUsersDuringLogon":"true","sapBtpCli":"btpterraform","protocol":"OpenID Connect","readOnly":false,"defaultIdp":false,"idpType":"SAP IAS"}'
        headers:
            Cache-Control:
                - no-cache, no-store, max-age=0, must-revalidate
            Content-Security-Policy:
                - default-src 'self'
            Content-Type:
                - application/json
            Date:
                - Mon, 23 Feb 2026 06:49:46 GMT
            Expires:
                - "0"
            Pragma:
                - no-cache
            Referrer-Policy:
                - no-referrer
            Strict-Transport-Security:
                - max-age=31536000; includeSubDomains; preload;
            X-Content-Type-Options:
                - nosniff
            X-Cpcli-Backend-Mediatype:
                - application/json
            X-Cpcli-Backend-Status:
                - "200"
            X-Frame-Options:
                - DENY
            X-Vcap-Request-Id:
                - b0424ae8-f051-4f6d-66cd-3afa7f1068bc
            X-Xss-Protection:
                - "1"
        status: 200 OK
        code: 200
        duration: 565.058209ms
    - id: 9
      request:
        proto: HTTP/1.1
        proto_major: 1
        proto_minor: 1
        content_length: 116
        transfer_encoding: []
        trailer: {}
        host: canary.cli.btp.int.sap
        remote_addr: ""
        request_uri: ""
        body: |
            {"customIdp":"identityProvider","subdomain":"terraformintcanary","userName":"john.doe@int.test","password":"testUserPassword"}
        form: {}
        headers:
            Content-Type:
                - application/json
            User-Agent:
                - Terraform/1.14.5 terraform-provider-btp/dev
            X-Correlationid:
                - 9ba7080f-97e9-8cff-4ed8-21926241b26b
            X-Cpcli-Format:
                - json
        url: https://canary.cli.btp.int.sap/login/v2.97.0
        method: POST
      response:
        proto: HTTP/2.0
        proto_major: 2
        proto_minor: 0
        transfer_encoding: []
        trailer: {}
        content_length: 82
        uncompressed: false
        body: '{"issuer":"identity.provider.test","mail":"john.doe@int.test","refreshToken":null}'
        headers:
            Cache-Control:
                - no-cache, no-store, max-age=0, must-revalidate
            Content-Length:
                - "82"
            Content-Security-Policy:
                - default-src 'self'
            Content-Type:
                - application/json
            Date:
                - Mon, 23 Feb 2026 06:49:49 GMT
            Expires:
                - "0"
            Pragma:
                - no-cache
            Referrer-Policy:
                - no-referrer
            Strict-Transport-Security:
                - max-age=31536000; includeSubDomains; preload;
            X-Content-Type-Options:
                - nosniff
            X-Cpcli-Sessionid:
                - redacted
            X-Frame-Options:
                - DENY
            X-Vcap-Request-Id:
                - 85fd6b3e-a1ba-44b8-590c-502ce22acc78
            X-Xss-Protection:
                - "1"
        status: 200 OK
        code: 200
        duration: 2.971181335s
    - id: 10
      request:
        proto: HTTP/1.1
        proto_major: 1
        proto_minor: 1
        content_length: 116
        transfer_encoding: []
        trailer: {}
        host: canary.cli.btp.int.sap
        remote_addr: ""
        request_uri: ""
        body: |
            {"customIdp":"identityProvider","subdomain":"terraformintcanary","userName":"john.doe@int.test","password":"testUserPassword"}
        form: {}
        headers:
            Content-Type:
                - application/json
            User-Agent:
                - Terraform/1.14.5 terraform-provider-btp/dev
            X-Correlationid:
                - 577c6c09-03fb-6583-5e83-c92d94cc4259
            X-Cpcli-Format:
                - json
        url: https://canary.cli.btp.int.sap/login/v2.97.0
        method: POST
      response:
        proto: HTTP/2.0
        proto_major: 2
        proto_minor: 0
        transfer_encoding: []
        trailer: {}
        content_length: 82
        uncompressed: false
        body: '{"issuer":"identity.provider.test","mail":"john.doe@int.test","refreshToken":null}'
        headers:
            Cache-Control:
                - no-cache, no-store, max-age=0, must-revalidate
            Content-Length:
                - "82"
            Content-Security-Policy:
                - default-src 'self'
            Content-Type:
                - application/json
            Date:
                - Mon, 23 Feb 2026 06:49:49 GMT
            Expires:
                - "0"
            Pragma:
                - no-cache
            Referrer-Policy:
                - no-referrer
            Strict-Transport-Security:
                - max-age=31536000; includeSubDomains; preload;
            X-Content-Type-Options:
                - nosniff
            X-Cpcli-Sessionid:
                - redacted
            X-Frame-Options:
                - DENY
            X-Vcap-Request-Id:
                - c672675e-fb38-40f2-73f0-456301818cc5
            X-Xss-Protection:
                - "1"
        status: 200 OK
        code: 200
        duration: 508.724834ms
    - id: 11
      request:
        proto: HTTP/1.1
        proto_major: 1
        proto_minor: 1
        content_length: 108
        transfer_encoding: []
        trailer: {}
        host: canary.cli.btp.int.sap
        remote_addr: ""
        request_uri: ""
        body: |
            {"paramValues":{"confirm":"true","globalAccount":"terraformintcanary","originKey":"btpterraform-platform"}}
        form: {}
        headers:
            Content-Type:
                - application/json
            User-Agent:
                - Terraform/1.14.5 terraform-provider-btp/dev
            X-Correlationid:
                - 51459417-d85f-9516-322d-c3d6a55cdd3f
            X-Cpcli-Customidp:
                - identityProvider
            X-Cpcli-Format:
                - json
            X-Cpcli-Sessionid:
                - redacted
            X-Cpcli-Subdomain:
                - terraformintcanary
        url: https://canary.cli.btp.int.sap/command/v2.97.0/security/trust?delete
        method: POST
      response:
        proto: HTTP/2.0
        proto_major: 2
        proto_minor: 0
        transfer_encoding: []
        trailer: {}
        content_length: -1
        uncompressed: true
        body: '{"originKey":"btpterraform-platform","iasTenantUrl":"https://btpterraform.accounts400.ondemand.com","iasAppId":"/Applications/v1/22292e13-4d31-44c3-b0d0-cdaf0fb84a7f","iasAdminUrl":"https://btpterraform.accounts400.ondemand.com/admin/#/applications//Applications/v1/22292e13-4d31-44c3-b0d0-cdaf0fb84a7f","active":true,"createdByUsername":null,"createdByOriginKey":null,"createdAt":null,"modifiedByUsername":null,"modifiedByOriginKey":null,"modifiedAt":null,"deleted":false,"distribution":null,"registration":null,"result":0,"relyingPartyId":"ebdce9be-df9e-40a1-ac84-afdbe69c3448","originXsuaa":"btpterraform-platform","version":0,"iasWellKnownMetadata":null,"ipsIntegrationSetupStatus":null,"neoAuthnWithOidc":false,"domain":"btpterraform.accounts400.ondemand.com","name":null,"aliasZid":null,"iasTenantUrlWithoutProtocol":"btpterraform.accounts400.ondemand.com"}'
        headers:
            Cache-Control:
                - no-cache, no-store, max-age=0, must-revalidate
            Content-Security-Policy:
                - default-src 'self'
            Content-Type:
                - application/json
            Date:
                - Mon, 23 Feb 2026 06:49:51 GMT
            Expires:
                - "0"
            Pragma:
                - no-cache
            Referrer-Policy:
                - no-referrer
            Strict-Transport-Security:
                - max-age=31536000; includeSubDomains; preload;
            X-Content-Type-Options:
                - nosniff
            X-Cpcli-Backend-Mediatype:
                - application/json
            X-Cpcli-Backend-Status:
                - "200"
            X-Frame-Options:
                - DENY
            X-Vcap-Request-Id:
                - 2aaf88aa-b7d2-428d-4858-876cd9894fd9
            X-Xss-Protection:
                - "1"
        status: 200 OK
        code: 200
        duration: 1.943437043s
